# THIS IS AN AUTOGENERATED FILE. DO NOT EDIT THIS FILE DIRECTLY.
# yarn lockfile v1


chrome-types@^0.1.155:
  version "0.1.155"
  resolved "https://registry.yarnpkg.com/chrome-types/-/chrome-types-0.1.155.tgz#5a3384c9d1737ee74f615f5d6c8e0dbb971f5bdd"
  integrity sha512-KxmD4FN4jE4aO5shqVsRRZgreBL7YzwC2EodK9PazZ+wUx5dlas1X0uehLevnt+n+DESDx+Rr73exJgosuJChw==
